
Microsoft Visual Studio Solution File, Format Version 12.00
# Visual Studio Version 17
VisualStudioVersion = 17.1.32319.34
MinimumVisualStudioVersion = 10.0.40219.1
Project("{9A19103F-16F7-4668-BE54-9A1E7A4F7556}") = "WinFormsApp1", "WinFormsApp1\WinFormsApp1.csproj", "{E1F2EAA3-04BA-4B23-8B65-1149655D84DD}"
EndProject
Project("{FAE04EC0-301F-11D3-BF4B-00C04F79EFBC}") = "DataTransfer", "DataTransfer\DataTransfer.csproj", "{771766F7-FA37-4102-A8DB-83DABD0C85A4}"
EndProject
Project("{FAE04EC0-301F-11D3-BF4B-00C04F79EFBC}") = "TestXml", "TestXml\TestXml.csproj", "{3D2F3A1D-EEAB-496C-9371-D86A20CF42E5}"
EndProject
Global
	GlobalSection(SolutionConfigurationPlatforms) = preSolution
		Debug|Any CPU = Debug|Any CPU
		Release|Any CPU = Release|Any CPU
	EndGlobalSection
	GlobalSection(ProjectConfigurationPlatforms) = postSolution
		{E1F2EAA3-04BA-4B23-8B65-1149655D84DD}.Debug|Any CPU.ActiveCfg = Debug|Any CPU
		{E1F2EAA3-04BA-4B23-8B65-1149655D84DD}.Debug|Any CPU.Build.0 = Debug|Any CPU
		{E1F2EAA3-04BA-4B23-8B65-1149655D84DD}.Release|Any CPU.ActiveCfg = Release|Any CPU
		{E1F2EAA3-04BA-4B23-8B65-1149655D84DD}.Release|Any CPU.Build.0 = Release|Any CPU
		{771766F7-FA37-4102-A8DB-83DABD0C85A4}.Debug|Any CPU.ActiveCfg = Debug|Any CPU
		{771766F7-FA37-4102-A8DB-83DABD0C85A4}.Debug|Any CPU.Build.0 = Debug|Any CPU
		{771766F7-FA37-4102-A8DB-83DABD0C85A4}.Release|Any CPU.ActiveCfg = Release|Any CPU
		{771766F7-FA37-4102-A8DB-83DABD0C85A4}.Release|Any CPU.Build.0 = Release|Any CPU
		{3D2F3A1D-EEAB-496C-9371-D86A20CF42E5}.Debug|Any CPU.ActiveCfg = Debug|Any CPU
		{3D2F3A1D-EEAB-496C-9371-D86A20CF42E5}.Debug|Any CPU.Build.0 = Debug|Any CPU
		{3D2F3A1D-EEAB-496C-9371-D86A20CF42E5}.Release|Any CPU.ActiveCfg = Release|Any CPU
		{3D2F3A1D-EEAB-496C-9371-D86A20CF42E5}.Release|Any CPU.Build.0 = Release|Any CPU
	EndGlobalSection
	GlobalSection(SolutionProperties) = preSolution
		HideSolutionNode = FALSE
	EndGlobalSection
	GlobalSection(ExtensibilityGlobals) = postSolution
		SolutionGuid = {7F688DEB-8A73-4446-A6A6-7126C461E74F}
	EndGlobalSection
EndGlobal
